// !$*UTF8*$!
{
	archiveVersion = 1;
	classes = {
	};
	objectVersion = 46;
	objects = {

/* Begin PBXBuildFile section */
		1AC2449A1B410C01007F3F13 /* main.m in Sources */ = {isa = PBXBuildFile; fileRef = 1AC244991B410C01007F3F13 /* main.m */; };
		1AC2449D1B410C01007F3F13 /* AppDelegate.m in Sources */ = {isa = PBXBuildFile; fileRef = 1AC2449C1B410C01007F3F13 /* AppDelegate.m */; };
		1AC244A01B410C01007F3F13 /* ViewController.m in Sources */ = {isa = PBXBuildFile; fileRef = 1AC2449F1B410C01007F3F13 /* ViewController.m */; };
		1AC244A31B410C01007F3F13 /* Main.storyboard in Resources */ = {isa = PBXBuildFile; fileRef = 1AC244A11B410C01007F3F13 /* Main.storyboard */; };
		1AC244A51B410C01007F3F13 /* Images.xcassets in Resources */ = {isa = PBXBuildFile; fileRef = 1AC244A41B410C01007F3F13 /* Images.xcassets */; };
		1AC244A81B410C01007F3F13 /* LaunchScreen.xib in Resources */ = {isa = PBXBuildFile; fileRef = 1AC244A61B410C01007F3F13 /* LaunchScreen.xib */; };
		1AC244B41B410C01007F3F13 /* HHZ_SwitchViewForiPadTests.m in Sources */ = {isa = PBXBuildFile; fileRef = 1AC244B31B410C01007F3F13 /* HHZ_SwitchViewForiPadTests.m */; };
		1AC244C01B410CE7007F3F13 /* HHZSwitchView.m in Sources */ = {isa = PBXBuildFile; fileRef = 1AC244BF1B410CE7007F3F13 /* HHZSwitchView.m */; };
/* End PBXBuildFile section */

/* Begin PBXContainerItemProxy section */
		1AC244AE1B410C01007F3F13 /* PBXContainerItemProxy */ = {
			isa = PBXContainerItemProxy;
			containerPortal = 1AC2448C1B410C01007F3F13 /* Project object */;
			proxyType = 1;
			remoteGlobalIDString = 1AC244931B410C01007F3F13;
			remoteInfo = HHZ_SwitchViewForiPad;
		};
/* End PBXContainerItemProxy section */

/* Begin PBXFileReference section */
		1AC244941B410C01007F3F13 /* HHZ_SwitchViewForiPad.app */ = {isa = PBXFileReference; explicitFileType = wrapper.application; includeInIndex = 0; path = HHZ_SwitchViewForiPad.app; sourceTree = BUILT_PRODUCTS_DIR; };
		1AC244981B410C01007F3F13 /* Info.plist */ = {isa = PBXFileReference; lastKnownFileType = text.plist.xml; path = Info.plist; sourceTree = "<group>"; };
		1AC244991B410C01007F3F13 /* main.m */ = {isa = PBXFileReference; lastKnownFileType = sourcecode.c.objc; path = main.m; sourceTree = "<group>"; };
		1AC2449B1B410C01007F3F13 /* AppDelegate.h */ = {isa = PBXFileReference; lastKnownFileType = sourcecode.c.h; path = AppDelegate.h; sourceTree = "<group>"; };
		1AC2449C1B410C01007F3F13 /* AppDelegate.m */ = {isa = PBXFileReference; lastKnownFileType = sourcecode.c.objc; path = AppDelegate.m; sourceTree = "<group>"; };
		1AC2449E1B410C01007F3F13 /* ViewController.h */ = {isa = PBXFileReference; lastKnownFileType = sourcecode.c.h; path = ViewController.h; sourceTree = "<group>"; };
		1AC2449F1B410C01007F3F13 /* ViewController.m */ = {isa = PBXFileReference; lastKnownFileType = sourcecode.c.objc; path = ViewController.m; sourceTree = "<group>"; };
		1AC244A21B410C01007F3F13 /* Base */ = {isa = PBXFileReference; lastKnownFileType = file.storyboard; name = Base; path = Base.lproj/Main.storyboard; sourceTree = "<group>"; };
		1AC244A41B410C01007F3F13 /* Images.xcassets */ = {isa = PBXFileReference; lastKnownFileType = folder.assetcatalog; path = Images.xcassets; sourceTree = "<group>"; };
		1AC244A71B410C01007F3F13 /* Base */ = {isa = PBXFileReference; lastKnownFileType = file.xib; name = Base; path = Base.lproj/LaunchScreen.xib; sourceTree = "<group>"; };
		1AC244AD1B410C01007F3F13 /* HHZ_SwitchViewForiPadTests.xctest */ = {isa = PBXFileReference; explicitFileType = wrapper.cfbundle; includeInIndex = 0; path = HHZ_SwitchViewForiPadTests.xctest; sourceTree = BUILT_PRODUCTS_DIR; };
		1AC244B21B410C01007F3F13 /* Info.plist */ = {isa = PBXFileReference; lastKnownFileType = text.plist.xml; path = Info.plist; sourceTree = "<group>"; };
		1AC244B31B410C01007F3F13 /* HHZ_SwitchViewForiPadTests.m */ = {isa = PBXFileReference; lastKnownFileType = sourcecode.c.objc; path = HHZ_SwitchViewForiPadTests.m; sourceTree = "<group>"; };
		1AC244BE1B410CE7007F3F13 /* HHZSwitchView.h */ = {isa = PBXFileReference; fileEncoding = 4; lastKnownFileType = sourcecode.c.h; path = HHZSwitchView.h; sourceTree = "<group>"; };
		1AC244BF1B410CE7007F3F13 /* HHZSwitchView.m */ = {isa = PBXFileReference; fileEncoding = 4; lastKnownFileType = sourcecode.c.objc; path = HHZSwitchView.m; sourceTree = "<group>"; };
/* End PBXFileReference section */

/* Begin PBXFrameworksBuildPhase section */
		1AC244911B410C01007F3F13 /* Frameworks */ = {
			isa = PBXFrameworksBuildPhase;
			buildActionMask = 2147483647;
			files = (
			);
			runOnlyForDeploymentPostprocessing = 0;
		};
		1AC244AA1B410C01007F3F13 /* Frameworks */ = {
			isa = PBXFrameworksBuildPhase;
			buildActionMask = 2147483647;
			files = (
			);
			runOnlyForDeploymentPostprocessing = 0;
		};
/* End PBXFrameworksBuildPhase section */

/* Begin PBXGroup section */
		1AC2448B1B410C01007F3F13 = {
			isa = PBXGroup;
			children = (
				1AC244961B410C01007F3F13 /* HHZ_SwitchViewForiPad */,
				1AC244B01B410C01007F3F13 /* HHZ_SwitchViewForiPadTests */,
				1AC244951B410C01007F3F13 /* Products */,
			);
			sourceTree = "<group>";
		};
		1AC244951B410C01007F3F13 /* Products */ = {
			isa = PBXGroup;
			children = (
				1AC244941B410C01007F3F13 /* HHZ_SwitchViewForiPad.app */,
				1AC244AD1B410C01007F3F13 /* HHZ_SwitchViewForiPadTests.xctest */,
			);
			name = Products;
			sourceTree = "<group>";
		};
		1AC244961B410C01007F3F13 /* HHZ_SwitchViewForiPad */ = {
			isa = PBXGroup;
			children = (
				1AC244BD1B410C8F007F3F13 /* SwitchView */,
				1AC2449B1B410C01007F3F13 /* AppDelegate.h */,
				1AC2449C1B410C01007F3F13 /* AppDelegate.m */,
				1AC2449E1B410C01007F3F13 /* ViewController.h */,
				1AC2449F1B410C01007F3F13 /* ViewController.m */,
				1AC244A11B410C01007F3F13 /* Main.storyboard */,
				1AC244A41B410C01007F3F13 /* Images.xcassets */,
				1AC244A61B410C01007F3F13 /* LaunchScreen.xib */,
				1AC244971B410C01007F3F13 /* Supporting Files */,
			);
			path = HHZ_SwitchViewForiPad;
			sourceTree = "<group>";
		};
		1AC244971B410C01007F3F13 /* Supporting Files */ = {
			isa = PBXGroup;
			children = (
				1AC244981B410C01007F3F13 /* Info.plist */,
				1AC244991B410C01007F3F13 /* main.m */,
			);
			name = "Supporting Files";
			sourceTree = "<group>";
		};
		1AC244B01B410C01007F3F13 /* HHZ_SwitchViewForiPadTests */ = {
			isa = PBXGroup;
			children = (
				1AC244B31B410C01007F3F13 /* HHZ_SwitchViewForiPadTests.m */,
				1AC244B11B410C01007F3F13 /* Supporting Files */,
			);
			path = HHZ_SwitchViewForiPadTests;
			sourceTree = "<group>";
		};
		1AC244B11B410C01007F3F13 /* Supporting Files */ = {
			isa = PBXGroup;
			children = (
				1AC244B21B410C01007F3F13 /* Info.plist */,
			);
			name = "Supporting Files";
			sourceTree = "<group>";
		};
		1AC244BD1B410C8F007F3F13 /* SwitchView */ = {
			isa = PBXGroup;
			children = (
				1AC244BE1B410CE7007F3F13 /* HHZSwitchView.h */,
				1AC244BF1B410CE7007F3F13 /* HHZSwitchView.m */,
			);
			name = SwitchView;
			sourceTree = "<group>";
		};
/* End PBXGroup section */

/* Begin PBXNativeTarget section */
		1AC244931B410C01007F3F13 /* HHZ_SwitchViewForiPad */ = {
			isa = PBXNativeTarget;
			buildConfigurationList = 1AC244B71B410C01007F3F13 /* Build configuration list for PBXNativeTarget "HHZ_SwitchViewForiPad" */;
			buildPhases = (
				1AC244901B410C01007F3F13 /* Sources */,
				1AC244911B410C01007F3F13 /* Frameworks */,
				1AC244921B410C01007F3F13 /* Resources */,
			);
			buildRules = (
			);
			dependencies = (
			);
			name = HHZ_SwitchViewForiPad;
			productName = HHZ_SwitchViewForiPad;
			productReference = 1AC244941B410C01007F3F13 /* HHZ_SwitchViewForiPad.app */;
			productType = "com.apple.product-type.application";
		};
		1AC244AC1B410C01007F3F13 /* HHZ_SwitchViewForiPadTests */ = {
			isa = PBXNativeTarget;
			buildConfigurationList = 1AC244BA1B410C01007F3F13 /* Build configuration list for PBXNativeTarget "HHZ_SwitchViewForiPadTests" */;
			buildPhases = (
				1AC244A91B410C01007F3F13 /* Sources */,
				1AC244AA1B410C01007F3F13 /* Frameworks */,
				1AC244AB1B410C01007F3F13 /* Resources */,
			);
			buildRules = (
			);
			dependencies = (
				1AC244AF1B410C01007F3F13 /* PBXTargetDependency */,
			);
			name = HHZ_SwitchViewForiPadTests;
			productName = HHZ_SwitchViewForiPadTests;
			productReference = 1AC244AD1B410C01007F3F13 /* HHZ_SwitchViewForiPadTests.xctest */;
			productType = "com.apple.product-type.bundle.unit-test";
		};
/* End PBXNativeTarget section */

/* Begin PBXProject section */
		1AC2448C1B410C01007F3F13 /* Project object */ = {
			isa = PBXProject;
			attributes = {
				LastUpgradeCheck = 0630;
				ORGANIZATIONNAME = HHZ;
				TargetAttributes = {
					1AC244931B410C01007F3F13 = {
						CreatedOnToolsVersion = 6.3.2;
					};
					1AC244AC1B410C01007F3F13 = {
						CreatedOnToolsVersion = 6.3.2;
						TestTargetID = 1AC244931B410C01007F3F13;
					};
				};
			};
			buildConfigurationList = 1AC2448F1B410C01007F3F13 /* Build configuration list for PBXProject "HHZ_SwitchViewForiPad" */;
			compatibilityVersion = "Xcode 3.2";
			developmentRegion = English;
			hasScannedForEncodings = 0;
			knownRegions = (
				en,
				Base,
			);
			mainGroup = 1AC2448B1B410C01007F3F13;
			productRefGroup = 1AC244951B410C01007F3F13 /* Products */;
			projectDirPath = "";
			projectRoot = "";
			targets = (
				1AC244931B410C01007F3F13 /* HHZ_SwitchViewForiPad */,
				1AC244AC1B410C01007F3F13 /* HHZ_SwitchViewForiPadTests */,
			);
		};
/* End PBXProject section */

/* Begin PBXResourcesBuildPhase section */
		1AC244921B410C01007F3F13 /* Resources */ = {
			isa = PBXResourcesBuildPhase;
			buildActionMask = 2147483647;
			files = (
				1AC244A31B410C01007F3F13 /* Main.storyboard in Resources */,
				1AC244A81B410C01007F3F13 /* LaunchScreen.xib in Resources */,
				1AC244A51B410C01007F3F13 /* Images.xcassets in Resources */,
			);
			runOnlyForDeploymentPostprocessing = 0;
		};
		1AC244AB1B410C01007F3F13 /* Resources */ = {
			isa = PBXResourcesBuildPhase;
			buildActionMask = 2147483647;
			files = (
			);
			runOnlyForDeploymentPostprocessing = 0;
		};
/* End PBXResourcesBuildPhase section */

/* Begin PBXSourcesBuildPhase section */
		1AC244901B410C01007F3F13 /* Sources */ = {
			isa = PBXSourcesBuildPhase;
			buildActionMask = 2147483647;
			files = (
				1AC244A01B410C01007F3F13 /* ViewController.m in Sources */,
				1AC244C01B410CE7007F3F13 /* HHZSwitchView.m in Sources */,
				1AC2449D1B410C01007F3F13 /* AppDelegate.m in Sources */,
				1AC2449A1B410C01007F3F13 /* main.m in Sources */,
			);
			runOnlyForDeploymentPostprocessing = 0;
		};
		1AC244A91B410C01007F3F13 /* Sources */ = {
			isa = PBXSourcesBuildPhase;
			buildActionMask = 2147483647;
			files = (
				1AC244B41B410C01007F3F13 /* HHZ_SwitchViewForiPadTests.m in Sources */,
			);
			runOnlyForDeploymentPostprocessing = 0;
		};
/* End PBXSourcesBuildPhase section */

/* Begin PBXTargetDependency section */
		1AC244AF1B410C01007F3F13 /* PBXTargetDependency */ = {
			isa = PBXTargetDependency;
			target = 1AC244931B410C01007F3F13 /* HHZ_SwitchViewForiPad */;
			targetProxy = 1AC244AE1B410C01007F3F13 /* PBXContainerItemProxy */;
		};
/* End PBXTargetDependency section */

/* Begin PBXVariantGroup section */
		1AC244A11B410C01007F3F13 /* Main.storyboard */ = {
			isa = PBXVariantGroup;
			children = (
				1AC244A21B410C01007F3F13 /* Base */,
			);
			name = Main.storyboard;
			sourceTree = "<group>";
		};
		1AC244A61B410C01007F3F13 /* LaunchScreen.xib */ = {
			isa = PBXVariantGroup;
			children = (
				1AC244A71B410C01007F3F13 /* Base */,
			);
			name = LaunchScreen.xib;
			sourceTree = "<group>";
		};
/* End PBXVariantGroup section */

/* Begin XCBuildConfiguration section */
		1AC244B51B410C01007F3F13 /* Debug */ = {
			isa = XCBuildConfiguration;
			buildSettings = {
				ALWAYS_SEARCH_USER_PATHS = NO;
				CLANG_CXX_LANGUAGE_STANDARD = "gnu++0x";
				CLANG_CXX_LIBRARY = "libc++";
				CLANG_ENABLE_MODULES = YES;
				CLANG_ENABLE_OBJC_ARC = YES;
				CLANG_WARN_BOOL_CONVERSION = YES;
				CLANG_WARN_CONSTANT_CONVERSION = YES;
				CLANG_WARN_DIRECT_OBJC_ISA_USAGE = YES_ERROR;
				CLANG_WARN_EMPTY_BODY = YES;
				CLANG_WARN_ENUM_CONVERSION = YES;
				CLANG_WARN_INT_CONVERSION = YES;
				CLANG_WARN_OBJC_ROOT_CLASS = YES_ERROR;
				CLANG_WARN_UNREACHABLE_CODE = YES;
				CLANG_WARN__DUPLICATE_METHOD_MATCH = YES;
				"CODE_SIGN_IDENTITY[sdk=iphoneos*]" = "iPhone Developer";
				COPY_PHASE_STRIP = NO;
				DEBUG_INFORMATION_FORMAT = "dwarf-with-dsym";
				ENABLE_STRICT_OBJC_MSGSEND = YES;
				GCC_C_LANGUAGE_STANDARD = gnu99;
				GCC_DYNAMIC_NO_PIC = NO;
				GCC_NO_COMMON_BLOCKS = YES;
				GCC_OPTIMIZATION_LEVEL = 0;
				GCC_PREPROCESSOR_DEFINITIONS = (
					"DEBUG=1",
					"$(inherited)",
				);
				GCC_SYMBOLS_PRIVATE_EXTERN = NO;
				GCC_WARN_64_TO_32_BIT_CONVERSION = YES;
				GCC_WARN_ABOUT_RETURN_TYPE = YES_ERROR;
				GCC_WARN_UNDECLARED_SELECTOR = YES;
				GCC_WARN_UNINITIALIZED_AUTOS = YES_AGGRESSIVE;
				GCC_WARN_UNUSED_FUNCTION = YES;
				GCC_WARN_UNUSED_VARIABLE = YES;
				IPHONEOS_DEPLOYMENT_TARGET = 8.3;
				MTL_ENABLE_DEBUG_INFO = YES;
				ONLY_ACTIVE_ARCH = YES;
				SDKROOT = iphoneos;
				TARGETED_DEVICE_FAMILY = 2;
			};
			name = Debug;
		};
		1AC244B61B410C01007F3F13 /* Release */ = {
			isa = XCBuildConfiguration;
			buildSettings = {
				ALWAYS_SEARCH_USER_PATHS = NO;
				CLANG_CXX_LANGUAGE_STANDARD = "gnu++0x";
				CLANG_CXX_LIBRARY = "libc++";
				CLANG_ENABLE_MODULES = YES;
				CLANG_ENABLE_OBJC_ARC = YES;
				CLANG_WARN_BOOL_CONVERSION = YES;
				CLANG_WARN_CONSTANT_CONVERSION = YES;
				CLANG_WARN_DIRECT_OBJC_ISA_USAGE = YES_ERROR;
				CLANG_WARN_EMPTY_BODY = YES;
				CLANG_WARN_ENUM_CONVERSION = YES;
				CLANG_WARN_INT_CONVERSION = YES;
				CLANG_WARN_OBJC_ROOT_CLASS = YES_ERROR;
				CLANG_WARN_UNREACHABLE_CODE = YES;
				CLANG_WARN__DUPLICATE_METHOD_MATCH = YES;
				"CODE_SIGN_IDENTITY[sdk=iphoneos*]" = "iPhone Developer";
				COPY_PHASE_STRIP = NO;
				DEBUG_INFORMATION_FORMAT = "dwarf-with-dsym";
				ENABLE_NS_ASSERTIONS = NO;
				ENABLE_STRICT_OBJC_MSGSEND = YES;
				GCC_C_LANGUAGE_STANDARD = gnu99;
				GCC_NO_COMMON_BLOCKS = YES;
				GCC_WARN_64_TO_32_BIT_CONVERSION = YES;
				GCC_WARN_ABOUT_RETURN_TYPE = YES_ERROR;
				GCC_WARN_UNDECLARED_SELECTOR = YES;
				GCC_WARN_UNINITIALIZED_AUTOS = YES_AGGRESSIVE;
				GCC_WARN_UNUSED_FUNCTION = YES;
				GCC_WARN_UNUSED_VARIABLE = YES;
				IPHONEOS_DEPLOYMENT_TARGET = 8.3;
				MTL_ENABLE_DEBUG_INFO = NO;
				SDKROOT = iphoneos;
				TARGETED_DEVICE_FAMILY = 2;
				VALIDATE_PRODUCT = YES;
			};
			name = Release;
		};
		1AC244B81B410C01007F3F13 /* Debug */ = {
			isa = XCBuildConfiguration;
			buildSettings = {
				ASSETCATALOG_COMPILER_APPICON_NAME = AppIcon;
				INFOPLIST_FILE = HHZ_SwitchViewForiPad/Info.plist;
				LD_RUNPATH_SEARCH_PATHS = "$(inherited) @executable_path/Frameworks";
				PRODUCT_NAME = "$(TARGET_NAME)";
			};
			name = Debug;
		};
		1AC244B91B410C01007F3F13 /* Release */ = {
			isa = XCBuildConfiguration;
			buildSettings = {
				ASSETCATALOG_COMPILER_APPICON_NAME = AppIcon;
				INFOPLIST_FILE = HHZ_SwitchViewForiPad/Info.plist;
				LD_RUNPATH_SEARCH_PATHS = "$(inherited) @executable_path/Frameworks";
				PRODUCT_NAME = "$(TARGET_NAME)";
			};
			name = Release;
		};
		1AC244BB1B410C01007F3F13 /* Debug */ = {
			isa = XCBuildConfiguration;
			buildSettings = {
				BUNDLE_LOADER = "$(TEST_HOST)";
				FRAMEWORK_SEARCH_PATHS = (
					"$(SDKROOT)/Developer/Library/Frameworks",
					"$(inherited)",
				);
				GCC_PREPROCESSOR_DEFINITIONS = (
					"DEBUG=1",
					"$(inherited)",
				);
				INFOPLIST_FILE = HHZ_SwitchViewForiPadTests/Info.plist;
				LD_RUNPATH_SEARCH_PATHS = "$(inherited) @executable_path/Frameworks @loader_path/Frameworks";
				PRODUCT_NAME = "$(TARGET_NAME)";
				TEST_HOST = "$(BUILT_PRODUCTS_DIR)/HHZ_SwitchViewForiPad.app/HHZ_SwitchViewForiPad";
			};
			name = Debug;
		};
		1AC244BC1B410C01007F3F13 /* Release */ = {
			isa = XCBuildConfiguration;
			buildSettings = {
				BUNDLE_LOADER = "$(TEST_HOST)";
				FRAMEWORK_SEARCH_PATHS = (
					"$(SDKROOT)/Developer/Library/Frameworks",
					"$(inherited)",
				);
				INFOPLIST_FILE = HHZ_SwitchViewForiPadTests/Info.plist;
				LD_RUNPATH_SEARCH_PATHS = "$(inherited) @executable_path/Frameworks @loader_path/Frameworks";
				PRODUCT_NAME = "$(TARGET_NAME)";
				TEST_HOST = "$(BUILT_PRODUCTS_DIR)/HHZ_SwitchViewForiPad.app/HHZ_SwitchViewForiPad";
			};
			name = Release;
		};
/* End XCBuildConfiguration section */

/* Begin XCConfigurationList section */
		1AC2448F1B410C01007F3F13 /* Build configuration list for PBXProject "HHZ_SwitchViewForiPad" */ = {
			isa = XCConfigurationList;
			buildConfigurations = (
				1AC244B51B410C01007F3F13 /* Debug */,
				1AC244B61B410C01007F3F13 /* Release */,
			);
			defaultConfigurationIsVisible = 0;
			defaultConfigurationName = Release;
		};
		1AC244B71B410C01007F3F13 /* Build configuration list for PBXNativeTarget "HHZ_SwitchViewForiPad" */ = {
			isa = XCConfigurationList;
			buildConfigurations = (
				1AC244B81B410C01007F3F13 /* Debug */,
				1AC244B91B410C01007F3F13 /* Release */,
			);
			defaultConfigurationIsVisible = 0;
			defaultConfigurationName = Release;
		};
		1AC244BA1B410C01007F3F13 /* Build configuration list for PBXNativeTarget "HHZ_SwitchViewForiPadTests" */ = {
			isa = XCConfigurationList;
			buildConfigurations = (
				1AC244BB1B410C01007F3F13 /* Debug */,
				1AC244BC1B410C01007F3F13 /* Release */,
			);
			defaultConfigurationIsVisible = 0;
			defaultConfigurationName = Release;
		};
/* End XCConfigurationList section */
	};
	rootObject = 1AC2448C1B410C01007F3F13 /* Project object */;
}
